// !$*UTF8*$!
{
	archiveVersion = 1;
	classes = {
	};
	objectVersion = 55;
	objects = {

/* Begin PBXBuildFile section */
		D34FB13128AE114800482B71 /* CategoryViewController.swift in Sources */ = {isa = PBXBuildFile; fileRef = D34FB13028AE114800482B71 /* CategoryViewController.swift */; };
		D3AA99E828AA0E2E003FC9B3 /* DataModel.xcdatamodeld in Sources */ = {isa = PBXBuildFile; fileRef = D3AA99E628AA0E2E003FC9B3 /* DataModel.xcdatamodeld */; };
		D3CAEEE828A8CD3300419DA8 /* AppDelegate.swift in Sources */ = {isa = PBXBuildFile; fileRef = D3CAEEE728A8CD3300419DA8 /* AppDelegate.swift */; };
		D3CAEEEA28A8CD3300419DA8 /* SceneDelegate.swift in Sources */ = {isa = PBXBuildFile; fileRef = D3CAEEE928A8CD3300419DA8 /* SceneDelegate.swift */; };
		D3CAEEEC28A8CD3300419DA8 /* TodoViewController.swift in Sources */ = {isa = PBXBuildFile; fileRef = D3CAEEEB28A8CD3300419DA8 /* TodoViewController.swift */; };
		D3CAEEEF28A8CD3300419DA8 /* Main.storyboard in Resources */ = {isa = PBXBuildFile; fileRef = D3CAEEED28A8CD3300419DA8 /* Main.storyboard */; };
		D3CAEEF128A8CD3400419DA8 /* Assets.xcassets in Resources */ = {isa = PBXBuildFile; fileRef = D3CAEEF028A8CD3400419DA8 /* Assets.xcassets */; };
		D3CAEEF428A8CD3400419DA8 /* LaunchScreen.storyboard in Resources */ = {isa = PBXBuildFile; fileRef = D3CAEEF228A8CD3400419DA8 /* LaunchScreen.storyboard */; };
		D3CAEEFF28A8CD3400419DA8 /* TodoeyTests.swift in Sources */ = {isa = PBXBuildFile; fileRef = D3CAEEFE28A8CD3400419DA8 /* TodoeyTests.swift */; };
		D3CAEF0928A8CD3400419DA8 /* TodoeyUITests.swift in Sources */ = {isa = PBXBuildFile; fileRef = D3CAEF0828A8CD3400419DA8 /* TodoeyUITests.swift */; };
		D3CAEF0B28A8CD3400419DA8 /* TodoeyUITestsLaunchTests.swift in Sources */ = {isa = PBXBuildFile; fileRef = D3CAEF0A28A8CD3400419DA8 /* TodoeyUITestsLaunchTests.swift */; };
/* End PBXBuildFile section */

/* Begin PBXContainerItemProxy section */
		D3CAEEFB28A8CD3400419DA8 /* PBXContainerItemProxy */ = {
			isa = PBXContainerItemProxy;
			containerPortal = D3CAEEDC28A8CD3300419DA8 /* Project object */;
			proxyType = 1;
			remoteGlobalIDString = D3CAEEE328A8CD3300419DA8;
			remoteInfo = Todoey;
		};
		D3CAEF0528A8CD3400419DA8 /* PBXContainerItemProxy */ = {
			isa = PBXContainerItemProxy;
			containerPortal = D3CAEEDC28A8CD3300419DA8 /* Project object */;
			proxyType = 1;
			remoteGlobalIDString = D3CAEEE328A8CD3300419DA8;
			remoteInfo = Todoey;
		};
/* End PBXContainerItemProxy section */

/* Begin PBXFileReference section */
		D34FB13028AE114800482B71 /* CategoryViewController.swift */ = {isa = PBXFileReference; lastKnownFileType = sourcecode.swift; path = CategoryViewController.swift; sourceTree = "<group>"; };
		D3AA99E728AA0E2E003FC9B3 /* DataModel.xcdatamodel */ = {isa = PBXFileReference; lastKnownFileType = wrapper.xcdatamodel; path = DataModel.xcdatamodel; sourceTree = "<group>"; };
		D3CAEEE428A8CD3300419DA8 /* Todoey.app */ = {isa = PBXFileReference; explicitFileType = wrapper.application; includeInIndex = 0; path = Todoey.app; sourceTree = BUILT_PRODUCTS_DIR; };
		D3CAEEE728A8CD3300419DA8 /* AppDelegate.swift */ = {isa = PBXFileReference; lastKnownFileType = sourcecode.swift; path = AppDelegate.swift; sourceTree = "<group>"; };
		D3CAEEE928A8CD3300419DA8 /* SceneDelegate.swift */ = {isa = PBXFileReference; lastKnownFileType = sourcecode.swift; path = SceneDelegate.swift; sourceTree = "<group>"; };
		D3CAEEEB28A8CD3300419DA8 /* TodoViewController.swift */ = {isa = PBXFileReference; lastKnownFileType = sourcecode.swift; path = TodoViewController.swift; sourceTree = "<group>"; };
		D3CAEEEE28A8CD3300419DA8 /* Base */ = {isa = PBXFileReference; lastKnownFileType = file.storyboard; name = Base; path = Base.lproj/Main.storyboard; sourceTree = "<group>"; };
		D3CAEEF028A8CD3400419DA8 /* Assets.xcassets */ = {isa = PBXFileReference; lastKnownFileType = folder.assetcatalog; path = Assets.xcassets; sourceTree = "<group>"; };
		D3CAEEF328A8CD3400419DA8 /* Base */ = {isa = PBXFileReference; lastKnownFileType = file.storyboard; name = Base; path = Base.lproj/LaunchScreen.storyboard; sourceTree = "<group>"; };
		D3CAEEF528A8CD3400419DA8 /* Info.plist */ = {isa = PBXFileReference; lastKnownFileType = text.plist.xml; path = Info.plist; sourceTree = "<group>"; };
		D3CAEEFA28A8CD3400419DA8 /* TodoeyTests.xctest */ = {isa = PBXFileReference; explicitFileType = wrapper.cfbundle; includeInIndex = 0; path = TodoeyTests.xctest; sourceTree = BUILT_PRODUCTS_DIR; };
		D3CAEEFE28A8CD3400419DA8 /* TodoeyTests.swift */ = {isa = PBXFileReference; lastKnownFileType = sourcecode.swift; path = TodoeyTests.swift; sourceTree = "<group>"; };
		D3CAEF0428A8CD3400419DA8 /* TodoeyUITests.xctest */ = {isa = PBXFileReference; explicitFileType = wrapper.cfbundle; includeInIndex = 0; path = TodoeyUITests.xctest; sourceTree = BUILT_PRODUCTS_DIR; };
		D3CAEF0828A8CD3400419DA8 /* TodoeyUITests.swift */ = {isa = PBXFileReference; lastKnownFileType = sourcecode.swift; path = TodoeyUITests.swift; sourceTree = "<group>"; };
		D3CAEF0A28A8CD3400419DA8 /* TodoeyUITestsLaunchTests.swift */ = {isa = PBXFileReference; lastKnownFileType = sourcecode.swift; path = TodoeyUITestsLaunchTests.swift; sourceTree = "<group>"; };
/* End PBXFileReference section */

/* Begin PBXFrameworksBuildPhase section */
		D3CAEEE128A8CD3300419DA8 /* Frameworks */ = {
			isa = PBXFrameworksBuildPhase;
			buildActionMask = 2147483647;
			files = (
			);
			runOnlyForDeploymentPostprocessing = 0;
		};
		D3CAEEF728A8CD3400419DA8 /* Frameworks */ = {
			isa = PBXFrameworksBuildPhase;
			buildActionMask = 2147483647;
			files = (
			);
			runOnlyForDeploymentPostprocessing = 0;
		};
		D3CAEF0128A8CD3400419DA8 /* Frameworks */ = {
			isa = PBXFrameworksBuildPhase;
			buildActionMask = 2147483647;
			files = (
			);
			runOnlyForDeploymentPostprocessing = 0;
		};
/* End PBXFrameworksBuildPhase section */

/* Begin PBXGroup section */
		D3CAEEDB28A8CD3300419DA8 = {
			isa = PBXGroup;
			children = (
				D3CAEEE628A8CD3300419DA8 /* Todoey */,
				D3CAEEFD28A8CD3400419DA8 /* TodoeyTests */,
				D3CAEF0728A8CD3400419DA8 /* TodoeyUITests */,
				D3CAEEE528A8CD3300419DA8 /* Products */,
			);
			sourceTree = "<group>";
		};
		D3CAEEE528A8CD3300419DA8 /* Products */ = {
			isa = PBXGroup;
			children = (
				D3CAEEE428A8CD3300419DA8 /* Todoey.app */,
				D3CAEEFA28A8CD3400419DA8 /* TodoeyTests.xctest */,
				D3CAEF0428A8CD3400419DA8 /* TodoeyUITests.xctest */,
			);
			name = Products;
			sourceTree = "<group>";
		};
		D3CAEEE628A8CD3300419DA8 /* Todoey */ = {
			isa = PBXGroup;
			children = (
				D3CAEF1728A93CB600419DA8 /* Data Models */,
				D3CAEF1D28A93DBD00419DA8 /* Deligates */,
				D3CAEF1A28A93D6A00419DA8 /* Controllers */,
				D3CAEF1B28A93D8D00419DA8 /* Views */,
				D3CAEF1C28A93DAA00419DA8 /* Supporting Files */,
				D3CAEEF528A8CD3400419DA8 /* Info.plist */,
			);
			path = Todoey;
			sourceTree = "<group>";
		};
		D3CAEEFD28A8CD3400419DA8 /* TodoeyTests */ = {
			isa = PBXGroup;
			children = (
				D3CAEEFE28A8CD3400419DA8 /* TodoeyTests.swift */,
			);
			path = TodoeyTests;
			sourceTree = "<group>";
		};
		D3CAEF0728A8CD3400419DA8 /* TodoeyUITests */ = {
			isa = PBXGroup;
			children = (
				D3CAEF0828A8CD3400419DA8 /* TodoeyUITests.swift */,
				D3CAEF0A28A8CD3400419DA8 /* TodoeyUITestsLaunchTests.swift */,
			);
			path = TodoeyUITests;
			sourceTree = "<group>";
		};
		D3CAEF1728A93CB600419DA8 /* Data Models */ = {
			isa = PBXGroup;
			children = (
				D3AA99E628AA0E2E003FC9B3 /* DataModel.xcdatamodeld */,
			);
			path = "Data Models";
			sourceTree = "<group>";
		};
		D3CAEF1A28A93D6A00419DA8 /* Controllers */ = {
			isa = PBXGroup;
			children = (
				D3CAEEEB28A8CD3300419DA8 /* TodoViewController.swift */,
				D34FB13028AE114800482B71 /* CategoryViewController.swift */,
			);
			path = Controllers;
			sourceTree = "<group>";
		};
		D3CAEF1B28A93D8D00419DA8 /* Views */ = {
			isa = PBXGroup;
			children = (
				D3CAEEED28A8CD3300419DA8 /* Main.storyboard */,
			);
			path = Views;
			sourceTree = "<group>";
		};
		D3CAEF1C28A93DAA00419DA8 /* Supporting Files */ = {
			isa = PBXGroup;
			children = (
				D3CAEEF028A8CD3400419DA8 /* Assets.xcassets */,
				D3CAEEF228A8CD3400419DA8 /* LaunchScreen.storyboard */,
			);
			path = "Supporting Files";
			sourceTree = "<group>";
		};
		D3CAEF1D28A93DBD00419DA8 /* Deligates */ = {
			isa = PBXGroup;
			children = (
				D3CAEEE728A8CD3300419DA8 /* AppDelegate.swift */,
				D3CAEEE928A8CD3300419DA8 /* SceneDelegate.swift */,
			);
			path = Deligates;
			sourceTree = "<group>";
		};
/* End PBXGroup section */

/* Begin PBXNativeTarget section */
		D3CAEEE328A8CD3300419DA8 /* Todoey */ = {
			isa = PBXNativeTarget;
			buildConfigurationList = D3CAEF0E28A8CD3400419DA8 /* Build configuration list for PBXNativeTarget "Todoey" */;
			buildPhases = (
				D3CAEEE028A8CD3300419DA8 /* Sources */,
				D3CAEEE128A8CD3300419DA8 /* Frameworks */,
				D3CAEEE228A8CD3300419DA8 /* Resources */,
			);
			buildRules = (
			);
			dependencies = (
			);
			name = Todoey;
			productName = Todoey;
			productReference = D3CAEEE428A8CD3300419DA8 /* Todoey.app */;
			productType = "com.apple.product-type.application";
		};
		D3CAEEF928A8CD3400419DA8 /* TodoeyTests */ = {
			isa = PBXNativeTarget;
			buildConfigurationList = D3CAEF1128A8CD3400419DA8 /* Build configuration list for PBXNativeTarget "TodoeyTests" */;
			buildPhases = (
				D3CAEEF628A8CD3400419DA8 /* Sources */,
				D3CAEEF728A8CD3400419DA8 /* Frameworks */,
				D3CAEEF828A8CD3400419DA8 /* Resources */,
			);
			buildRules = (
			);
			dependencies = (
				D3CAEEFC28A8CD3400419DA8 /* PBXTargetDependency */,
			);
			name = TodoeyTests;
			productName = TodoeyTests;
			productReference = D3CAEEFA28A8CD3400419DA8 /* TodoeyTests.xctest */;
			productType = "com.apple.product-type.bundle.unit-test";
		};
		D3CAEF0328A8CD3400419DA8 /* TodoeyUITests */ = {
			isa = PBXNativeTarget;
			buildConfigurationList = D3CAEF1428A8CD3400419DA8 /* Build configuration list for PBXNativeTarget "TodoeyUITests" */;
			buildPhases = (
				D3CAEF0028A8CD3400419DA8 /* Sources */,
				D3CAEF0128A8CD3400419DA8 /* Frameworks */,
				D3CAEF0228A8CD3400419DA8 /* Resources */,
			);
			buildRules = (
			);
			dependencies = (
				D3CAEF0628A8CD3400419DA8 /* PBXTargetDependency */,
			);
			name = TodoeyUITests;
			productName = TodoeyUITests;
			productReference = D3CAEF0428A8CD3400419DA8 /* TodoeyUITests.xctest */;
			productType = "com.apple.product-type.bundle.ui-testing";
		};
/* End PBXNativeTarget section */

/* Begin PBXProject section */
		D3CAEEDC28A8CD3300419DA8 /* Project object */ = {
			isa = PBXProject;
			attributes = {
				BuildIndependentTargetsInParallel = 1;
				LastSwiftUpdateCheck = 1340;
				LastUpgradeCheck = 1340;
				TargetAttributes = {
					D3CAEEE328A8CD3300419DA8 = {
						CreatedOnToolsVersion = 13.4.1;
					};
					D3CAEEF928A8CD3400419DA8 = {
						CreatedOnToolsVersion = 13.4.1;
						TestTargetID = D3CAEEE328A8CD3300419DA8;
					};
					D3CAEF0328A8CD3400419DA8 = {
						CreatedOnToolsVersion = 13.4.1;
						TestTargetID = D3CAEEE328A8CD3300419DA8;
					};
				};
			};
			buildConfigurationList = D3CAEEDF28A8CD3300419DA8 /* Build configuration list for PBXProject "Todoey" */;
			compatibilityVersion = "Xcode 13.0";
			developmentRegion = en;
			hasScannedForEncodings = 0;
			knownRegions = (
				en,
				Base,
			);
			mainGroup = D3CAEEDB28A8CD3300419DA8;
			productRefGroup = D3CAEEE528A8CD3300419DA8 /* Products */;
			projectDirPath = "";
			projectRoot = "";
			targets = (
				D3CAEEE328A8CD3300419DA8 /* Todoey */,
				D3CAEEF928A8CD3400419DA8 /* TodoeyTests */,
				D3CAEF0328A8CD3400419DA8 /* TodoeyUITests */,
			);
		};
/* End PBXProject section */

/* Begin PBXResourcesBuildPhase section */
		D3CAEEE228A8CD3300419DA8 /* Resources */ = {
			isa = PBXResourcesBuildPhase;
			buildActionMask = 2147483647;
			files = (
				D3CAEEF428A8CD3400419DA8 /* LaunchScreen.storyboard in Resources */,
				D3CAEEF128A8CD3400419DA8 /* Assets.xcassets in Resources */,
				D3CAEEEF28A8CD3300419DA8 /* Main.storyboard in Resources */,
			);
			runOnlyForDeploymentPostprocessing = 0;
		};
		D3CAEEF828A8CD3400419DA8 /* Resources */ = {
			isa = PBXResourcesBuildPhase;
			buildActionMask = 2147483647;
			files = (
			);
			runOnlyForDeploymentPostprocessing = 0;
		};
		D3CAEF0228A8CD3400419DA8 /* Resources */ = {
			isa = PBXResourcesBuildPhase;
			buildActionMask = 2147483647;
			files = (
			);
			runOnlyForDeploymentPostprocessing = 0;
		};
/* End PBXResourcesBuildPhase section */

/* Begin PBXSourcesBuildPhase section */
		D3CAEEE028A8CD3300419DA8 /* Sources */ = {
			isa = PBXSourcesBuildPhase;
			buildActionMask = 2147483647;
			files = (
				D34FB13128AE114800482B71 /* CategoryViewController.swift in Sources */,
				D3CAEEEC28A8CD3300419DA8 /* TodoViewController.swift in Sources */,
				D3AA99E828AA0E2E003FC9B3 /* DataModel.xcdatamodeld in Sources */,
				D3CAEEE828A8CD3300419DA8 /* AppDelegate.swift in Sources */,
				D3CAEEEA28A8CD3300419DA8 /* SceneDelegate.swift in Sources */,
			);
			runOnlyForDeploymentPostprocessing = 0;
		};
		D3CAEEF628A8CD3400419DA8 /* Sources */ = {
			isa = PBXSourcesBuildPhase;
			buildActionMask = 2147483647;
			files = (
				D3CAEEFF28A8CD3400419DA8 /* TodoeyTests.swift in Sources */,
			);
			runOnlyForDeploymentPostprocessing = 0;
		};
		D3CAEF0028A8CD3400419DA8 /* Sources */ = {
			isa = PBXSourcesBuildPhase;
			buildActionMask = 2147483647;
			files = (
				D3CAEF0B28A8CD3400419DA8 /* TodoeyUITestsLaunchTests.swift in Sources */,
				D3CAEF0928A8CD3400419DA8 /* TodoeyUITests.swift in Sources */,
			);
			runOnlyForDeploymentPostprocessing = 0;
		};
/* End PBXSourcesBuildPhase section */

/* Begin PBXTargetDependency section */
		D3CAEEFC28A8CD3400419DA8 /* PBXTargetDependency */ = {
			isa = PBXTargetDependency;
			target = D3CAEEE328A8CD3300419DA8 /* Todoey */;
			targetProxy = D3CAEEFB28A8CD3400419DA8 /* PBXContainerItemProxy */;
		};
		D3CAEF0628A8CD3400419DA8 /* PBXTargetDependency */ = {
			isa = PBXTargetDependency;
			target = D3CAEEE328A8CD3300419DA8 /* Todoey */;
			targetProxy = D3CAEF0528A8CD3400419DA8 /* PBXContainerItemProxy */;
		};
/* End PBXTargetDependency section */

/* Begin PBXVariantGroup section */
		D3CAEEED28A8CD3300419DA8 /* Main.storyboard */ = {
			isa = PBXVariantGroup;
			children = (
				D3CAEEEE28A8CD3300419DA8 /* Base */,
			);
			name = Main.storyboard;
			sourceTree = "<group>";
		};
		D3CAEEF228A8CD3400419DA8 /* LaunchScreen.storyboard */ = {
			isa = PBXVariantGroup;
			children = (
				D3CAEEF328A8CD3400419DA8 /* Base */,
			);
			name = LaunchScreen.storyboard;
			sourceTree = "<group>";
		};
/* End PBXVariantGroup section */

/* Begin XCBuildConfiguration section */
		D3CAEF0C28A8CD3400419DA8 /* Debug */ = {
			isa = XCBuildConfiguration;
			buildSettings = {
				ALWAYS_SEARCH_USER_PATHS = NO;
				CLANG_ANALYZER_NONNULL = YES;
				CLANG_ANALYZER_NUMBER_OBJECT_CONVERSION = YES_AGGRESSIVE;
				CLANG_CXX_LANGUAGE_STANDARD = "gnu++17";
				CLANG_ENABLE_MODULES = YES;
				CLANG_ENABLE_OBJC_ARC = YES;
				CLANG_ENABLE_OBJC_WEAK = YES;
				CLANG_WARN_BLOCK_CAPTURE_AUTORELEASING = YES;
				CLANG_WARN_BOOL_CONVERSION = YES;
				CLANG_WARN_COMMA = YES;
				CLANG_WARN_CONSTANT_CONVERSION = YES;
				CLANG_WARN_DEPRECATED_OBJC_IMPLEMENTATIONS = YES;
				CLANG_WARN_DIRECT_OBJC_ISA_USAGE = YES_ERROR;
				CLANG_WARN_DOCUMENTATION_COMMENTS = YES;
				CLANG_WARN_EMPTY_BODY = YES;
				CLANG_WARN_ENUM_CONVERSION = YES;
				CLANG_WARN_INFINITE_RECURSION = YES;
				CLANG_WARN_INT_CONVERSION = YES;
				CLANG_WARN_NON_LITERAL_NULL_CONVERSION = YES;
				CLANG_WARN_OBJC_IMPLICIT_RETAIN_SELF = YES;
				CLANG_WARN_OBJC_LITERAL_CONVERSION = YES;
				CLANG_WARN_OBJC_ROOT_CLASS = YES_ERROR;
				CLANG_WARN_QUOTED_INCLUDE_IN_FRAMEWORK_HEADER = YES;
				CLANG_WARN_RANGE_LOOP_ANALYSIS = YES;
				CLANG_WARN_STRICT_PROTOTYPES = YES;
				CLANG_WARN_SUSPICIOUS_MOVE = YES;
				CLANG_WARN_UNGUARDED_AVAILABILITY = YES_AGGRESSIVE;
				CLANG_WARN_UNREACHABLE_CODE = YES;
				CLANG_WARN__DUPLICATE_METHOD_MATCH = YES;
				COPY_PHASE_STRIP = NO;
				DEBUG_INFORMATION_FORMAT = dwarf;
				ENABLE_STRICT_OBJC_MSGSEND = YES;
				ENABLE_TESTABILITY = YES;
				GCC_C_LANGUAGE_STANDARD = gnu11;
				GCC_DYNAMIC_NO_PIC = NO;
				GCC_NO_COMMON_BLOCKS = YES;
				GCC_OPTIMIZATION_LEVEL = 0;
				GCC_PREPROCESSOR_DEFINITIONS = (
					"DEBUG=1",
					"$(inherited)",
				);
				GCC_WARN_64_TO_32_BIT_CONVERSION = YES;
				GCC_WARN_ABOUT_RETURN_TYPE = YES_ERROR;
				GCC_WARN_UNDECLARED_SELECTOR = YES;
				GCC_WARN_UNINITIALIZED_AUTOS = YES_AGGRESSIVE;
				GCC_WARN_UNUSED_FUNCTION = YES;
				GCC_WARN_UNUSED_VARIABLE = YES;
				IPHONEOS_DEPLOYMENT_TARGET = 15.5;
				MTL_ENABLE_DEBUG_INFO = INCLUDE_SOURCE;
				MTL_FAST_MATH = YES;
				ONLY_ACTIVE_ARCH = YES;
				SDKROOT = iphoneos;
				SWIFT_ACTIVE_COMPILATION_CONDITIONS = DEBUG;
				SWIFT_OPTIMIZATION_LEVEL = "-Onone";
			};
			name = Debug;
		};
		D3CAEF0D28A8CD3400419DA8 /* Release */ = {
			isa = XCBuildConfiguration;
			buildSettings = {
				ALWAYS_SEARCH_USER_PATHS = NO;
				CLANG_ANALYZER_NONNULL = YES;
				CLANG_ANALYZER_NUMBER_OBJECT_CONVERSION = YES_AGGRESSIVE;
				CLANG_CXX_LANGUAGE_STANDARD = "gnu++17";
				CLANG_ENABLE_MODULES = YES;
				CLANG_ENABLE_OBJC_ARC = YES;
				CLANG_ENABLE_OBJC_WEAK = YES;
				CLANG_WARN_BLOCK_CAPTURE_AUTORELEASING = YES;
				CLANG_WARN_BOOL_CONVERSION = YES;
				CLANG_WARN_COMMA = YES;
				CLANG_WARN_CONSTANT_CONVERSION = YES;
				CLANG_WARN_DEPRECATED_OBJC_IMPLEMENTATIONS = YES;
				CLANG_WARN_DIRECT_OBJC_ISA_USAGE = YES_ERROR;
				CLANG_WARN_DOCUMENTATION_COMMENTS = YES;
				CLANG_WARN_EMPTY_BODY = YES;
				CLANG_WARN_ENUM_CONVERSION = YES;
				CLANG_WARN_INFINITE_RECURSION = YES;
				CLANG_WARN_INT_CONVERSION = YES;
				CLANG_WARN_NON_LITERAL_NULL_CONVERSION = YES;
				CLANG_WARN_OBJC_IMPLICIT_RETAIN_SELF = YES;
				CLANG_WARN_OBJC_LITERAL_CONVERSION = YES;
				CLANG_WARN_OBJC_ROOT_CLASS = YES_ERROR;
				CLANG_WARN_QUOTED_INCLUDE_IN_FRAMEWORK_HEADER = YES;
				CLANG_WARN_RANGE_LOOP_ANALYSIS = YES;
				CLANG_WARN_STRICT_PROTOTYPES = YES;
				CLANG_WARN_SUSPICIOUS_MOVE = YES;
				CLANG_WARN_UNGUARDED_AVAILABILITY = YES_AGGRESSIVE;
				CLANG_WARN_UNREACHABLE_CODE = YES;
				CLANG_WARN__DUPLICATE_METHOD_MATCH = YES;
				COPY_PHASE_STRIP = NO;
				DEBUG_INFORMATION_FORMAT = "dwarf-with-dsym";
				ENABLE_NS_ASSERTIONS = NO;
				ENABLE_STRICT_OBJC_MSGSEND = YES;
				GCC_C_LANGUAGE_STANDARD = gnu11;
				GCC_NO_COMMON_BLOCKS = YES;
				GCC_WARN_64_TO_32_BIT_CONVERSION = YES;
				GCC_WARN_ABOUT_RETURN_TYPE = YES_ERROR;
				GCC_WARN_UNDECLARED_SELECTOR = YES;
				GCC_WARN_UNINITIALIZED_AUTOS = YES_AGGRESSIVE;
				GCC_WARN_UNUSED_FUNCTION = YES;
				GCC_WARN_UNUSED_VARIABLE = YES;
				IPHONEOS_DEPLOYMENT_TARGET = 15.5;
				MTL_ENABLE_DEBUG_INFO = NO;
				MTL_FAST_MATH = YES;
				SDKROOT = iphoneos;
				SWIFT_COMPILATION_MODE = wholemodule;
				SWIFT_OPTIMIZATION_LEVEL = "-O";
				VALIDATE_PRODUCT = YES;
			};
			name = Release;
		};
		D3CAEF0F28A8CD3400419DA8 /* Debug */ = {
			isa = XCBuildConfiguration;
			buildSettings = {
				ASSETCATALOG_COMPILER_APPICON_NAME = AppIcon;
				ASSETCATALOG_COMPILER_GLOBAL_ACCENT_COLOR_NAME = AccentColor;
				CODE_SIGN_STYLE = Automatic;
				CURRENT_PROJECT_VERSION = 1;
				DEVELOPMENT_TEAM = VGHT76U2X5;
				GENERATE_INFOPLIST_FILE = YES;
				INFOPLIST_FILE = Todoey/Info.plist;
				INFOPLIST_KEY_UIApplicationSupportsIndirectInputEvents = YES;
				INFOPLIST_KEY_UILaunchStoryboardName = LaunchScreen;
				INFOPLIST_KEY_UIMainStoryboardFile = Main;
				INFOPLIST_KEY_UISupportedInterfaceOrientations_iPad = "UIInterfaceOrientationPortrait UIInterfaceOrientationPortraitUpsideDown UIInterfaceOrientationLandscapeLeft UIInterfaceOrientationLandscapeRight";
				INFOPLIST_KEY_UISupportedInterfaceOrientations_iPhone = "UIInterfaceOrientationPortrait UIInterfaceOrientationLandscapeLeft UIInterfaceOrientationLandscapeRight";
				LD_RUNPATH_SEARCH_PATHS = (
					"$(inherited)",
					"@executable_path/Frameworks",
				);
				MARKETING_VERSION = 1.0;
				PRODUCT_BUNDLE_IDENTIFIER = com.siyahul.Todoey;
				PRODUCT_NAME = "$(TARGET_NAME)";
				SWIFT_EMIT_LOC_STRINGS = YES;
				SWIFT_VERSION = 5.0;
				TARGETED_DEVICE_FAMILY = "1,2";
			};
			name = Debug;
		};
		D3CAEF1028A8CD3400419DA8 /* Release */ = {
			isa = XCBuildConfiguration;
			buildSettings = {
				ASSETCATALOG_COMPILER_APPICON_NAME = AppIcon;
				ASSETCATALOG_COMPILER_GLOBAL_ACCENT_COLOR_NAME = AccentColor;
				CODE_SIGN_STYLE = Automatic;
				CURRENT_PROJECT_VERSION = 1;
				DEVELOPMENT_TEAM = VGHT76U2X5;
				GENERATE_INFOPLIST_FILE = YES;
				INFOPLIST_FILE = Todoey/Info.plist;
				INFOPLIST_KEY_UIApplicationSupportsIndirectInputEvents = YES;
				INFOPLIST_KEY_UILaunchStoryboardName = LaunchScreen;
				INFOPLIST_KEY_UIMainStoryboardFile = Main;
				INFOPLIST_KEY_UISupportedInterfaceOrientations_iPad = "UIInterfaceOrientationPortrait UIInterfaceOrientationPortraitUpsideDown UIInterfaceOrientationLandscapeLeft UIInterfaceOrientationLandscapeRight";
				INFOPLIST_KEY_UISupportedInterfaceOrientations_iPhone = "UIInterfaceOrientationPortrait UIInterfaceOrientationLandscapeLeft UIInterfaceOrientationLandscapeRight";
				LD_RUNPATH_SEARCH_PATHS = (
					"$(inherited)",
					"@executable_path/Frameworks",
				);
				MARKETING_VERSION = 1.0;
				PRODUCT_BUNDLE_IDENTIFIER = com.siyahul.Todoey;
				PRODUCT_NAME = "$(TARGET_NAME)";
				SWIFT_EMIT_LOC_STRINGS = YES;
				SWIFT_VERSION = 5.0;
				TARGETED_DEVICE_FAMILY = "1,2";
			};
			name = Release;
		};
		D3CAEF1228A8CD3400419DA8 /* Debug */ = {
			isa = XCBuildConfiguration;
			buildSettings = {
				ALWAYS_EMBED_SWIFT_STANDARD_LIBRARIES = YES;
				BUNDLE_LOADER = "$(TEST_HOST)";
				CODE_SIGN_STYLE = Automatic;
				CURRENT_PROJECT_VERSION = 1;
				DEVELOPMENT_TEAM = VGHT76U2X5;
				GENERATE_INFOPLIST_FILE = YES;
				IPHONEOS_DEPLOYMENT_TARGET = 15.5;
				MARKETING_VERSION = 1.0;
				PRODUCT_BUNDLE_IDENTIFIER = com.siyahul.TodoeyTests;
				PRODUCT_NAME = "$(TARGET_NAME)";
				SWIFT_EMIT_LOC_STRINGS = NO;
				SWIFT_VERSION = 5.0;
				TARGETED_DEVICE_FAMILY = "1,2";
				TEST_HOST = "$(BUILT_PRODUCTS_DIR)/Todoey.app/Todoey";
			};
			name = Debug;
		};
		D3CAEF1328A8CD3400419DA8 /* Release */ = {
			isa = XCBuildConfiguration;
			buildSettings = {
				ALWAYS_EMBED_SWIFT_STANDARD_LIBRARIES = YES;
				BUNDLE_LOADER = "$(TEST_HOST)";
				CODE_SIGN_STYLE = Automatic;
				CURRENT_PROJECT_VERSION = 1;
				DEVELOPMENT_TEAM = VGHT76U2X5;
				GENERATE_INFOPLIST_FILE = YES;
				IPHONEOS_DEPLOYMENT_TARGET = 15.5;
				MARKETING_VERSION = 1.0;
				PRODUCT_BUNDLE_IDENTIFIER = com.siyahul.TodoeyTests;
				PRODUCT_NAME = "$(TARGET_NAME)";
				SWIFT_EMIT_LOC_STRINGS = NO;
				SWIFT_VERSION = 5.0;
				TARGETED_DEVICE_FAMILY = "1,2";
				TEST_HOST = "$(BUILT_PRODUCTS_DIR)/Todoey.app/Todoey";
			};
			name = Release;
		};
		D3CAEF1528A8CD3400419DA8 /* Debug */ = {
			isa = XCBuildConfiguration;
			buildSettings = {
				ALWAYS_EMBED_SWIFT_STANDARD_LIBRARIES = YES;
				CODE_SIGN_STYLE = Automatic;
				CURRENT_PROJECT_VERSION = 1;
				DEVELOPMENT_TEAM = VGHT76U2X5;
				GENERATE_INFOPLIST_FILE = YES;
				MARKETING_VERSION = 1.0;
				PRODUCT_BUNDLE_IDENTIFIER = com.siyahul.TodoeyUITests;
				PRODUCT_NAME = "$(TARGET_NAME)";
				SWIFT_EMIT_LOC_STRINGS = NO;
				SWIFT_VERSION = 5.0;
				TARGETED_DEVICE_FAMILY = "1,2";
				TEST_TARGET_NAME = Todoey;
			};
			name = Debug;
		};
		D3CAEF1628A8CD3400419DA8 /* Release */ = {
			isa = XCBuildConfiguration;
			buildSettings = {
				ALWAYS_EMBED_SWIFT_STANDARD_LIBRARIES = YES;
				CODE_SIGN_STYLE = Automatic;
				CURRENT_PROJECT_VERSION = 1;
				DEVELOPMENT_TEAM = VGHT76U2X5;
				GENERATE_INFOPLIST_FILE = YES;
				MARKETING_VERSION = 1.0;
				PRODUCT_BUNDLE_IDENTIFIER = com.siyahul.TodoeyUITests;
				PRODUCT_NAME = "$(TARGET_NAME)";
				SWIFT_EMIT_LOC_STRINGS = NO;
				SWIFT_VERSION = 5.0;
				TARGETED_DEVICE_FAMILY = "1,2";
				TEST_TARGET_NAME = Todoey;
			};
			name = Release;
		};
/* End XCBuildConfiguration section */

/* Begin XCConfigurationList section */
		D3CAEEDF28A8CD3300419DA8 /* Build configuration list for PBXProject "Todoey" */ = {
			isa = XCConfigurationList;
			buildConfigurations = (
				D3CAEF0C28A8CD3400419DA8 /* Debug */,
				D3CAEF0D28A8CD3400419DA8 /* Release */,
			);
			defaultConfigurationIsVisible = 0;
			defaultConfigurationName = Release;
		};
		D3CAEF0E28A8CD3400419DA8 /* Build configuration list for PBXNativeTarget "Todoey" */ = {
			isa = XCConfigurationList;
			buildConfigurations = (
				D3CAEF0F28A8CD3400419DA8 /* Debug */,
				D3CAEF1028A8CD3400419DA8 /* Release */,
			);
			defaultConfigurationIsVisible = 0;
			defaultConfigurationName = Release;
		};
		D3CAEF1128A8CD3400419DA8 /* Build configuration list for PBXNativeTarget "TodoeyTests" */ = {
			isa = XCConfigurationList;
			buildConfigurations = (
				D3CAEF1228A8CD3400419DA8 /* Debug */,
				D3CAEF1328A8CD3400419DA8 /* Release */,
			);
			defaultConfigurationIsVisible = 0;
			defaultConfigurationName = Release;
		};
		D3CAEF1428A8CD3400419DA8 /* Build configuration list for PBXNativeTarget "TodoeyUITests" */ = {
			isa = XCConfigurationList;
			buildConfigurations = (
				D3CAEF1528A8CD3400419DA8 /* Debug */,
				D3CAEF1628A8CD3400419DA8 /* Release */,
			);
			defaultConfigurationIsVisible = 0;
			defaultConfigurationName = Release;
		};
/* End XCConfigurationList section */

/* Begin XCVersionGroup section */
		D3AA99E628AA0E2E003FC9B3 /* DataModel.xcdatamodeld */ = {
			isa = XCVersionGroup;
			children = (
				D3AA99E728AA0E2E003FC9B3 /* DataModel.xcdatamodel */,
			);
			currentVersion = D3AA99E728AA0E2E003FC9B3 /* DataModel.xcdatamodel */;
			path = DataModel.xcdatamodeld;
			sourceTree = "<group>";
			versionGroupType = wrapper.xcdatamodel;
		};
/* End XCVersionGroup section */
	};
	rootObject = D3CAEEDC28A8CD3300419DA8 /* Project object */;
}
